{
  "name": "MMM-Fitbit2",
  "version": "0.1.0",
  "lockfileVersion": 1,
  "requires": true,
  "dependencies": {
    "python-shell": {
      "version": "0.5.0",
      "resolved": "https://registry.npmjs.org/python-shell/-/python-shell-0.5.0.tgz",
      "integrity": "sha512-+jgmFZvwk1yMBBDisDlkXXMYv1eEJKbGCtwHLppGIyEV83cKeX9hjOjfR2yONWK3yQFhum0M2r7UE0U//hiK9w=="
    }
  }
}
